// !$*UTF8*$!
{
	archiveVersion = 1;
	classes = {
	};
	objectVersion = 50;
	objects = {

/* Begin PBXBuildFile section */
		1F8B61EA25D939F800D3E55C /* CovidSymptomTrackingApp.swift in Sources */ = {isa = PBXBuildFile; fileRef = 1F8B61E925D939F800D3E55C /* CovidSymptomTrackingApp.swift */; };
		1F8B61EC25D939F800D3E55C /* ContentView.swift in Sources */ = {isa = PBXBuildFile; fileRef = 1F8B61EB25D939F800D3E55C /* ContentView.swift */; };
		1F8B61EE25D939FE00D3E55C /* Assets.xcassets in Resources */ = {isa = PBXBuildFile; fileRef = 1F8B61ED25D939FE00D3E55C /* Assets.xcassets */; };
		1F8B61F125D939FE00D3E55C /* Preview Assets.xcassets in Resources */ = {isa = PBXBuildFile; fileRef = 1F8B61F025D939FE00D3E55C /* Preview Assets.xcassets */; };
		1F8B61FA25D948F100D3E55C /* UserInfo.swift in Sources */ = {isa = PBXBuildFile; fileRef = 1F8B61F925D948F100D3E55C /* UserInfo.swift */; };
		1F8B61FD25D949E900D3E55C /* MainView.swift in Sources */ = {isa = PBXBuildFile; fileRef = 1F8B61FC25D949E900D3E55C /* MainView.swift */; };
/* End PBXBuildFile section */

/* Begin PBXFileReference section */
		1F8B61E625D939F800D3E55C /* CovidSymptomTracking.app */ = {isa = PBXFileReference; explicitFileType = wrapper.application; includeInIndex = 0; path = CovidSymptomTracking.app; sourceTree = BUILT_PRODUCTS_DIR; };
		1F8B61E925D939F800D3E55C /* CovidSymptomTrackingApp.swift */ = {isa = PBXFileReference; lastKnownFileType = sourcecode.swift; path = CovidSymptomTrackingApp.swift; sourceTree = "<group>"; };
		1F8B61EB25D939F800D3E55C /* ContentView.swift */ = {isa = PBXFileReference; lastKnownFileType = sourcecode.swift; path = ContentView.swift; sourceTree = "<group>"; };
		1F8B61ED25D939FE00D3E55C /* Assets.xcassets */ = {isa = PBXFileReference; lastKnownFileType = folder.assetcatalog; path = Assets.xcassets; sourceTree = "<group>"; };
		1F8B61F025D939FE00D3E55C /* Preview Assets.xcassets */ = {isa = PBXFileReference; lastKnownFileType = folder.assetcatalog; path = "Preview Assets.xcassets"; sourceTree = "<group>"; };
		1F8B61F225D939FE00D3E55C /* Info.plist */ = {isa = PBXFileReference; lastKnownFileType = text.plist.xml; path = Info.plist; sourceTree = "<group>"; };
		1F8B61F925D948F100D3E55C /* UserInfo.swift */ = {isa = PBXFileReference; lastKnownFileType = sourcecode.swift; path = UserInfo.swift; sourceTree = "<group>"; };
		1F8B61FC25D949E900D3E55C /* MainView.swift */ = {isa = PBXFileReference; lastKnownFileType = sourcecode.swift; path = MainView.swift; sourceTree = "<group>"; };
/* End PBXFileReference section */

/* Begin PBXFrameworksBuildPhase section */
		1F8B61E325D939F800D3E55C /* Frameworks */ = {
			isa = PBXFrameworksBuildPhase;
			buildActionMask = 2147483647;
			files = (
			);
			runOnlyForDeploymentPostprocessing = 0;
		};
/* End PBXFrameworksBuildPhase section */

/* Begin PBXGroup section */
		1F8B61DD25D939F700D3E55C = {
			isa = PBXGroup;
			children = (
				1F8B61E825D939F800D3E55C /* CovidSymptomTracking */,
				1F8B61E725D939F800D3E55C /* Products */,
			);
			sourceTree = "<group>";
		};
		1F8B61E725D939F800D3E55C /* Products */ = {
			isa = PBXGroup;
			children = (
				1F8B61E625D939F800D3E55C /* CovidSymptomTracking.app */,
			);
			name = Products;
			sourceTree = "<group>";
		};
		1F8B61E825D939F800D3E55C /* CovidSymptomTracking */ = {
			isa = PBXGroup;
			children = (
				1F8B61E925D939F800D3E55C /* CovidSymptomTrackingApp.swift */,
				1F8B61FC25D949E900D3E55C /* MainView.swift */,
				1F8B61EB25D939F800D3E55C /* ContentView.swift */,
				1F8B61F925D948F100D3E55C /* UserInfo.swift */,
				1F8B61ED25D939FE00D3E55C /* Assets.xcassets */,
				1F8B61F225D939FE00D3E55C /* Info.plist */,
				1F8B61EF25D939FE00D3E55C /* Preview Content */,
			);
			path = CovidSymptomTracking;
			sourceTree = "<group>";
		};
		1F8B61EF25D939FE00D3E55C /* Preview Content */ = {
			isa = PBXGroup;
			children = (
				1F8B61F025D939FE00D3E55C /* Preview Assets.xcassets */,
			);
			path = "Preview Content";
			sourceTree = "<group>";
		};
/* End PBXGroup section */

/* Begin PBXNativeTarget section */
		1F8B61E525D939F800D3E55C /* CovidSymptomTracking */ = {
			isa = PBXNativeTarget;
			buildConfigurationList = 1F8B61F525D939FE00D3E55C /* Build configuration list for PBXNativeTarget "CovidSymptomTracking" */;
			buildPhases = (
				1F8B61E225D939F800D3E55C /* Sources */,
				1F8B61E325D939F800D3E55C /* Frameworks */,
				1F8B61E425D939F800D3E55C /* Resources */,
			);
			buildRules = (
			);
			dependencies = (
			);
			name = CovidSymptomTracking;
			productName = CovidSymptomTracking;
			productReference = 1F8B61E625D939F800D3E55C /* CovidSymptomTracking.app */;
			productType = "com.apple.product-type.application";
		};
/* End PBXNativeTarget section */

/* Begin PBXProject section */
		1F8B61DE25D939F700D3E55C /* Project object */ = {
			isa = PBXProject;
			attributes = {
				LastSwiftUpdateCheck = 1240;
				LastUpgradeCheck = 1240;
				TargetAttributes = {
					1F8B61E525D939F800D3E55C = {
						CreatedOnToolsVersion = 12.4;
					};
				};
			};
			buildConfigurationList = 1F8B61E125D939F700D3E55C /* Build configuration list for PBXProject "CovidSymptomTracking" */;
			compatibilityVersion = "Xcode 9.3";
			developmentRegion = en;
			hasScannedForEncodings = 0;
			knownRegions = (
				en,
				Base,
			);
			mainGroup = 1F8B61DD25D939F700D3E55C;
			productRefGroup = 1F8B61E725D939F800D3E55C /* Products */;
			projectDirPath = "";
			projectRoot = "";
			targets = (
				1F8B61E525D939F800D3E55C /* CovidSymptomTracking */,
			);
		};
/* End PBXProject section */

/* Begin PBXResourcesBuildPhase section */
		1F8B61E425D939F800D3E55C /* Resources */ = {
			isa = PBXResourcesBuildPhase;
			buildActionMask = 2147483647;
			files = (
				1F8B61F125D939FE00D3E55C /* Preview Assets.xcassets in Resources */,
				1F8B61EE25D939FE00D3E55C /* Assets.xcassets in Resources */,
			);
			runOnlyForDeploymentPostprocessing = 0;
		};
/* End PBXResourcesBuildPhase section */

/* Begin PBXSourcesBuildPhase section */
		1F8B61E225D939F800D3E55C /* Sources */ = {
			isa = PBXSourcesBuildPhase;
			buildActionMask = 2147483647;
			files = (
				1F8B61EC25D939F800D3E55C /* ContentView.swift in Sources */,
				1F8B61FD25D949E900D3E55C /* MainView.swift in Sources */,
				1F8B61FA25D948F100D3E55C /* UserInfo.swift in Sources */,
				1F8B61EA25D939F800D3E55C /* CovidSymptomTrackingApp.swift in Sources */,
			);
			runOnlyForDeploymentPostprocessing = 0;
		};
/* End PBXSourcesBuildPhase section */

/* Begin XCBuildConfiguration section */
		1F8B61F325D939FE00D3E55C /* Debug */ = {
			isa = XCBuildConfiguration;
			buildSettings = {
				ALWAYS_SEARCH_USER_PATHS = NO;
				CLANG_ANALYZER_NONNULL = YES;
				CLANG_ANALYZER_NUMBER_OBJECT_CONVERSION = YES_AGGRESSIVE;
				CLANG_CXX_LANGUAGE_STANDARD = "gnu++14";
				CLANG_CXX_LIBRARY = "libc++";
				CLANG_ENABLE_MODULES = YES;
				CLANG_ENABLE_OBJC_ARC = YES;
				CLANG_ENABLE_OBJC_WEAK = YES;
				CLANG_WARN_BLOCK_CAPTURE_AUTORELEASING = YES;
				CLANG_WARN_BOOL_CONVERSION = YES;
				CLANG_WARN_COMMA = YES;
				CLANG_WARN_CONSTANT_CONVERSION = YES;
				CLANG_WARN_DEPRECATED_OBJC_IMPLEMENTATIONS = YES;
				CLANG_WARN_DIRECT_OBJC_ISA_USAGE = YES_ERROR;
				CLANG_WARN_DOCUMENTATION_COMMENTS = YES;
				CLANG_WARN_EMPTY_BODY = YES;
				CLANG_WARN_ENUM_CONVERSION = YES;
				CLANG_WARN_INFINITE_RECURSION = YES;
				CLANG_WARN_INT_CONVERSION = YES;
				CLANG_WARN_NON_LITERAL_NULL_CONVERSION = YES;
				CLANG_WARN_OBJC_IMPLICIT_RETAIN_SELF = YES;
				CLANG_WARN_OBJC_LITERAL_CONVERSION = YES;
				CLANG_WARN_OBJC_ROOT_CLASS = YES_ERROR;
				CLANG_WARN_QUOTED_INCLUDE_IN_FRAMEWORK_HEADER = YES;
				CLANG_WARN_RANGE_LOOP_ANALYSIS = YES;
				CLANG_WARN_STRICT_PROTOTYPES = YES;
				CLANG_WARN_SUSPICIOUS_MOVE = YES;
				CLANG_WARN_UNGUARDED_AVAILABILITY = YES_AGGRESSIVE;
				CLANG_WARN_UNREACHABLE_CODE = YES;
				CLANG_WARN__DUPLICATE_METHOD_MATCH = YES;
				COPY_PHASE_STRIP = NO;
				DEBUG_INFORMATION_FORMAT = dwarf;
				ENABLE_STRICT_OBJC_MSGSEND = YES;
				ENABLE_TESTABILITY = YES;
				GCC_C_LANGUAGE_STANDARD = gnu11;
				GCC_DYNAMIC_NO_PIC = NO;
				GCC_NO_COMMON_BLOCKS = YES;
				GCC_OPTIMIZATION_LEVEL = 0;
				GCC_PREPROCESSOR_DEFINITIONS = (
					"DEBUG=1",
					"$(inherited)",
				);
				GCC_WARN_64_TO_32_BIT_CONVERSION = YES;
				GCC_WARN_ABOUT_RETURN_TYPE = YES_ERROR;
				GCC_WARN_UNDECLARED_SELECTOR = YES;
				GCC_WARN_UNINITIALIZED_AUTOS = YES_AGGRESSIVE;
				GCC_WARN_UNUSED_FUNCTION = YES;
				GCC_WARN_UNUSED_VARIABLE = YES;
				IPHONEOS_DEPLOYMENT_TARGET = 14.4;
				MTL_ENABLE_DEBUG_INFO = INCLUDE_SOURCE;
				MTL_FAST_MATH = YES;
				ONLY_ACTIVE_ARCH = YES;
				SDKROOT = iphoneos;
				SWIFT_ACTIVE_COMPILATION_CONDITIONS = DEBUG;
				SWIFT_OPTIMIZATION_LEVEL = "-Onone";
			};
			name = Debug;
		};
		1F8B61F425D939FE00D3E55C /* Release */ = {
			isa = XCBuildConfiguration;
			buildSettings = {
				ALWAYS_SEARCH_USER_PATHS = NO;
				CLANG_ANALYZER_NONNULL = YES;
				CLANG_ANALYZER_NUMBER_OBJECT_CONVERSION = YES_AGGRESSIVE;
				CLANG_CXX_LANGUAGE_STANDARD = "gnu++14";
				CLANG_CXX_LIBRARY = "libc++";
				CLANG_ENABLE_MODULES = YES;
				CLANG_ENABLE_OBJC_ARC = YES;
				CLANG_ENABLE_OBJC_WEAK = YES;
				CLANG_WARN_BLOCK_CAPTURE_AUTORELEASING = YES;
				CLANG_WARN_BOOL_CONVERSION = YES;
				CLANG_WARN_COMMA = YES;
				CLANG_WARN_CONSTANT_CONVERSION = YES;
				CLANG_WARN_DEPRECATED_OBJC_IMPLEMENTATIONS = YES;
				CLANG_WARN_DIRECT_OBJC_ISA_USAGE = YES_ERROR;
				CLANG_WARN_DOCUMENTATION_COMMENTS = YES;
				CLANG_WARN_EMPTY_BODY = YES;
				CLANG_WARN_ENUM_CONVERSION = YES;
				CLANG_WARN_INFINITE_RECURSION = YES;
				CLANG_WARN_INT_CONVERSION = YES;
				CLANG_WARN_NON_LITERAL_NULL_CONVERSION = YES;
				CLANG_WARN_OBJC_IMPLICIT_RETAIN_SELF = YES;
				CLANG_WARN_OBJC_LITERAL_CONVERSION = YES;
				CLANG_WARN_OBJC_ROOT_CLASS = YES_ERROR;
				CLANG_WARN_QUOTED_INCLUDE_IN_FRAMEWORK_HEADER = YES;
				CLANG_WARN_RANGE_LOOP_ANALYSIS = YES;
				CLANG_WARN_STRICT_PROTOTYPES = YES;
				CLANG_WARN_SUSPICIOUS_MOVE = YES;
				CLANG_WARN_UNGUARDED_AVAILABILITY = YES_AGGRESSIVE;
				CLANG_WARN_UNREACHABLE_CODE = YES;
				CLANG_WARN__DUPLICATE_METHOD_MATCH = YES;
				COPY_PHASE_STRIP = NO;
				DEBUG_INFORMATION_FORMAT = "dwarf-with-dsym";
				ENABLE_NS_ASSERTIONS = NO;
				ENABLE_STRICT_OBJC_MSGSEND = YES;
				GCC_C_LANGUAGE_STANDARD = gnu11;
				GCC_NO_COMMON_BLOCKS = YES;
				GCC_WARN_64_TO_32_BIT_CONVERSION = YES;
				GCC_WARN_ABOUT_RETURN_TYPE = YES_ERROR;
				GCC_WARN_UNDECLARED_SELECTOR = YES;
				GCC_WARN_UNINITIALIZED_AUTOS = YES_AGGRESSIVE;
				GCC_WARN_UNUSED_FUNCTION = YES;
				GCC_WARN_UNUSED_VARIABLE = YES;
				IPHONEOS_DEPLOYMENT_TARGET = 14.4;
				MTL_ENABLE_DEBUG_INFO = NO;
				MTL_FAST_MATH = YES;
				SDKROOT = iphoneos;
				SWIFT_COMPILATION_MODE = wholemodule;
				SWIFT_OPTIMIZATION_LEVEL = "-O";
				VALIDATE_PRODUCT = YES;
			};
			name = Release;
		};
		1F8B61F625D939FE00D3E55C /* Debug */ = {
			isa = XCBuildConfiguration;
			buildSettings = {
				ASSETCATALOG_COMPILER_APPICON_NAME = AppIcon;
				ASSETCATALOG_COMPILER_GLOBAL_ACCENT_COLOR_NAME = AccentColor;
				CODE_SIGN_STYLE = Automatic;
				DEVELOPMENT_ASSET_PATHS = "\"CovidSymptomTracking/Preview Content\"";
				DEVELOPMENT_TEAM = L7B6G9KLGY;
				ENABLE_PREVIEWS = YES;
				INFOPLIST_FILE = CovidSymptomTracking/Info.plist;
				IPHONEOS_DEPLOYMENT_TARGET = 14.0;
				LD_RUNPATH_SEARCH_PATHS = (
					"$(inherited)",
					"@executable_path/Frameworks",
				);
				PRODUCT_BUNDLE_IDENTIFIER = edu.ucdavis.sbduriseti.CovidSymptomTracking;
				PRODUCT_NAME = "$(TARGET_NAME)";
				SWIFT_VERSION = 5.0;
				TARGETED_DEVICE_FAMILY = "1,2";
			};
			name = Debug;
		};
		1F8B61F725D939FE00D3E55C /* Release */ = {
			isa = XCBuildConfiguration;
			buildSettings = {
				ASSETCATALOG_COMPILER_APPICON_NAME = AppIcon;
				ASSETCATALOG_COMPILER_GLOBAL_ACCENT_COLOR_NAME = AccentColor;
				CODE_SIGN_STYLE = Automatic;
				DEVELOPMENT_ASSET_PATHS = "\"CovidSymptomTracking/Preview Content\"";
				DEVELOPMENT_TEAM = L7B6G9KLGY;
				ENABLE_PREVIEWS = YES;
				INFOPLIST_FILE = CovidSymptomTracking/Info.plist;
				IPHONEOS_DEPLOYMENT_TARGET = 14.0;
				LD_RUNPATH_SEARCH_PATHS = (
					"$(inherited)",
					"@executable_path/Frameworks",
				);
				PRODUCT_BUNDLE_IDENTIFIER = edu.ucdavis.sbduriseti.CovidSymptomTracking;
				PRODUCT_NAME = "$(TARGET_NAME)";
				SWIFT_VERSION = 5.0;
				TARGETED_DEVICE_FAMILY = "1,2";
			};
			name = Release;
		};
/* End XCBuildConfiguration section */

/* Begin XCConfigurationList section */
		1F8B61E125D939F700D3E55C /* Build configuration list for PBXProject "CovidSymptomTracking" */ = {
			isa = XCConfigurationList;
			buildConfigurations = (
				1F8B61F325D939FE00D3E55C /* Debug */,
				1F8B61F425D939FE00D3E55C /* Release */,
			);
			defaultConfigurationIsVisible = 0;
			defaultConfigurationName = Release;
		};
		1F8B61F525D939FE00D3E55C /* Build configuration list for PBXNativeTarget "CovidSymptomTracking" */ = {
			isa = XCConfigurationList;
			buildConfigurations = (
				1F8B61F625D939FE00D3E55C /* Debug */,
				1F8B61F725D939FE00D3E55C /* Release */,
			);
			defaultConfigurationIsVisible = 0;
			defaultConfigurationName = Release;
		};
/* End XCConfigurationList section */
	};
	rootObject = 1F8B61DE25D939F700D3E55C /* Project object */;
}
